
Microsoft Visual Studio Solution File, Format Version 12.00
# Visual Studio Version 16
VisualStudioVersion = 16.0.30204.135
MinimumVisualStudioVersion = 10.0.40219.1
Project("{9A19103F-16F7-4668-BE54-9A1E7A4F7556}") = "MedievalIo.Web", "MedievalIo.Web\MedievalIo.Web.csproj", "{B623470E-6658-4E33-BDE5-5137EF0A15E7}"
EndProject
Project("{9A19103F-16F7-4668-BE54-9A1E7A4F7556}") = "MedievalIo.Services", "MedievalIo.Services\MedievalIo.Services.csproj", "{59686342-8E55-4E8D-A7AA-A536E8917701}"
EndProject
Project("{9A19103F-16F7-4668-BE54-9A1E7A4F7556}") = "MedievalIo.Server.Client", "MedievalIo.Server.Client\MedievalIo.Server.Client.csproj", "{91CED0B3-189C-4139-AAA1-8EAEF473B3BD}"
EndProject
Project("{FAE04EC0-301F-11D3-BF4B-00C04F79EFBC}") = "Common", "Common\Common.csproj", "{B50A96D8-AE6E-412D-B909-9F1295C1B733}"
EndProject
Global
	GlobalSection(SolutionConfigurationPlatforms) = preSolution
		Debug|Any CPU = Debug|Any CPU
		Release|Any CPU = Release|Any CPU
	EndGlobalSection
	GlobalSection(ProjectConfigurationPlatforms) = postSolution
		{B623470E-6658-4E33-BDE5-5137EF0A15E7}.Debug|Any CPU.ActiveCfg = Debug|Any CPU
		{B623470E-6658-4E33-BDE5-5137EF0A15E7}.Debug|Any CPU.Build.0 = Debug|Any CPU
		{B623470E-6658-4E33-BDE5-5137EF0A15E7}.Release|Any CPU.ActiveCfg = Release|Any CPU
		{B623470E-6658-4E33-BDE5-5137EF0A15E7}.Release|Any CPU.Build.0 = Release|Any CPU
		{59686342-8E55-4E8D-A7AA-A536E8917701}.Debug|Any CPU.ActiveCfg = Debug|Any CPU
		{59686342-8E55-4E8D-A7AA-A536E8917701}.Debug|Any CPU.Build.0 = Debug|Any CPU
		{59686342-8E55-4E8D-A7AA-A536E8917701}.Release|Any CPU.ActiveCfg = Release|Any CPU
		{59686342-8E55-4E8D-A7AA-A536E8917701}.Release|Any CPU.Build.0 = Release|Any CPU
		{91CED0B3-189C-4139-AAA1-8EAEF473B3BD}.Debug|Any CPU.ActiveCfg = Debug|Any CPU
		{91CED0B3-189C-4139-AAA1-8EAEF473B3BD}.Debug|Any CPU.Build.0 = Debug|Any CPU
		{91CED0B3-189C-4139-AAA1-8EAEF473B3BD}.Release|Any CPU.ActiveCfg = Release|Any CPU
		{91CED0B3-189C-4139-AAA1-8EAEF473B3BD}.Release|Any CPU.Build.0 = Release|Any CPU
		{B50A96D8-AE6E-412D-B909-9F1295C1B733}.Debug|Any CPU.ActiveCfg = Debug|Any CPU
		{B50A96D8-AE6E-412D-B909-9F1295C1B733}.Debug|Any CPU.Build.0 = Debug|Any CPU
		{B50A96D8-AE6E-412D-B909-9F1295C1B733}.Release|Any CPU.ActiveCfg = Release|Any CPU
		{B50A96D8-AE6E-412D-B909-9F1295C1B733}.Release|Any CPU.Build.0 = Release|Any CPU
	EndGlobalSection
	GlobalSection(SolutionProperties) = preSolution
		HideSolutionNode = FALSE
	EndGlobalSection
	GlobalSection(ExtensibilityGlobals) = postSolution
		SolutionGuid = {775766FB-981F-4EB5-BC37-9964BE0CB221}
	EndGlobalSection
EndGlobal
